
Microsoft Visual Studio Solution File, Format Version 12.00
# Visual Studio Version 17
VisualStudioVersion = 17.14.36127.28 d17.14
MinimumVisualStudioVersion = 10.0.40219.1
Project("{FAE04EC0-301F-11D3-BF4B-00C04F79EFBC}") = "DZ.SupplierProcessor", "DZ.Supplier\DZ.SupplierProcessor.csproj", "{AA1F1364-CAF1-494F-8555-8C1CA32ACDA4}"
EndProject
Project("{FAE04EC0-301F-11D3-BF4B-00C04F79EFBC}") = "DZ.SupplierProcessor.Tests", "DZ.Supplier.Tests\DZ.SupplierProcessor.Tests.csproj", "{B5BF0F11-0A9C-4A96-BADA-A6C64D6376EA}"
EndProject
Global
	GlobalSection(SolutionConfigurationPlatforms) = preSolution
		Debug|Any CPU = Debug|Any CPU
		Release|Any CPU = Release|Any CPU
	EndGlobalSection
	GlobalSection(ProjectConfigurationPlatforms) = postSolution
		{AA1F1364-CAF1-494F-8555-8C1CA32ACDA4}.Debug|Any CPU.ActiveCfg = Debug|Any CPU
		{AA1F1364-CAF1-494F-8555-8C1CA32ACDA4}.Debug|Any CPU.Build.0 = Debug|Any CPU
		{AA1F1364-CAF1-494F-8555-8C1CA32ACDA4}.Release|Any CPU.ActiveCfg = Release|Any CPU
		{AA1F1364-CAF1-494F-8555-8C1CA32ACDA4}.Release|Any CPU.Build.0 = Release|Any CPU
		{B5BF0F11-0A9C-4A96-BADA-A6C64D6376EA}.Debug|Any CPU.ActiveCfg = Debug|Any CPU
		{B5BF0F11-0A9C-4A96-BADA-A6C64D6376EA}.Debug|Any CPU.Build.0 = Debug|Any CPU
		{B5BF0F11-0A9C-4A96-BADA-A6C64D6376EA}.Release|Any CPU.ActiveCfg = Release|Any CPU
		{B5BF0F11-0A9C-4A96-BADA-A6C64D6376EA}.Release|Any CPU.Build.0 = Release|Any CPU
	EndGlobalSection
	GlobalSection(SolutionProperties) = preSolution
		HideSolutionNode = FALSE
	EndGlobalSection
	GlobalSection(ExtensibilityGlobals) = postSolution
		SolutionGuid = {2010A9DD-3F4F-4FE0-8846-DF3C6DC68E43}
	EndGlobalSection
EndGlobal
